Microsoft Visual Studio Solution File, Format Version 12.00
# Visual Studio Version 17
VisualStudioVersion = 17.5.2.0
MinimumVisualStudioVersion = 10.0.40219.1
Project("{FAE04EC0-301F-11D3-BF4B-00C04F79EFBC}") = "InfoTop-COFYYE", "InfoTop-COFYYE.csproj", "{DFECE801-6E14-A530-D816-336B9D7A0C7C}"
EndProject
Global
	GlobalSection(SolutionConfigurationPlatforms) = preSolution
		Debug|Any CPU = Debug|Any CPU
		Release|Any CPU = Release|Any CPU
	EndGlobalSection
	GlobalSection(ProjectConfigurationPlatforms) = postSolution
		{DFECE801-6E14-A530-D816-336B9D7A0C7C}.Debug|Any CPU.ActiveCfg = Debug|Any CPU
		{DFECE801-6E14-A530-D816-336B9D7A0C7C}.Debug|Any CPU.Build.0 = Debug|Any CPU
		{DFECE801-6E14-A530-D816-336B9D7A0C7C}.Release|Any CPU.ActiveCfg = Release|Any CPU
		{DFECE801-6E14-A530-D816-336B9D7A0C7C}.Release|Any CPU.Build.0 = Release|Any CPU
	EndGlobalSection
	GlobalSection(SolutionProperties) = preSolution
		HideSolutionNode = FALSE
	EndGlobalSection
	GlobalSection(ExtensibilityGlobals) = postSolution
		SolutionGuid = {68B63D73-85C6-4226-9C21-BC34F52B1B35}
	EndGlobalSection
EndGlobal
